
Microsoft Visual Studio Solution File, Format Version 12.00
# Visual Studio Version 16
VisualStudioVersion = 16.0.29806.167
MinimumVisualStudioVersion = 10.0.40219.1
Project("{9A19103F-16F7-4668-BE54-9A1E7A4F7556}") = "HOW.Selenium.WebApp", "HOW.Selenium.WebApp\HOW.Selenium.WebApp.csproj", "{188F5E67-D14A-4CDC-BA50-CE1D9FE51416}"
EndProject
Project("{9A19103F-16F7-4668-BE54-9A1E7A4F7556}") = "HOW.Selenium.WebApp.Framework", "HOW.Selenium.WebApp.Framework\HOW.Selenium.WebApp.Framework.csproj", "{F62E4C4C-1B6D-46AB-8201-DB159AA53940}"
EndProject
Project("{9A19103F-16F7-4668-BE54-9A1E7A4F7556}") = "HOW.Selenium.WebApp.Tests.MSTest", "HOW.Selenium.WebApp.Tests.MSTest\HOW.Selenium.WebApp.Tests.MSTest.csproj", "{71D60770-A230-4573-886F-D6A4796CE989}"
EndProject
Global
	GlobalSection(SolutionConfigurationPlatforms) = preSolution
		Debug|Any CPU = Debug|Any CPU
		Release|Any CPU = Release|Any CPU
	EndGlobalSection
	GlobalSection(ProjectConfigurationPlatforms) = postSolution
		{188F5E67-D14A-4CDC-BA50-CE1D9FE51416}.Debug|Any CPU.ActiveCfg = Debug|Any CPU
		{188F5E67-D14A-4CDC-BA50-CE1D9FE51416}.Debug|Any CPU.Build.0 = Debug|Any CPU
		{188F5E67-D14A-4CDC-BA50-CE1D9FE51416}.Release|Any CPU.ActiveCfg = Release|Any CPU
		{188F5E67-D14A-4CDC-BA50-CE1D9FE51416}.Release|Any CPU.Build.0 = Release|Any CPU
		{F62E4C4C-1B6D-46AB-8201-DB159AA53940}.Debug|Any CPU.ActiveCfg = Debug|Any CPU
		{F62E4C4C-1B6D-46AB-8201-DB159AA53940}.Debug|Any CPU.Build.0 = Debug|Any CPU
		{F62E4C4C-1B6D-46AB-8201-DB159AA53940}.Release|Any CPU.ActiveCfg = Release|Any CPU
		{F62E4C4C-1B6D-46AB-8201-DB159AA53940}.Release|Any CPU.Build.0 = Release|Any CPU
		{71D60770-A230-4573-886F-D6A4796CE989}.Debug|Any CPU.ActiveCfg = Debug|Any CPU
		{71D60770-A230-4573-886F-D6A4796CE989}.Debug|Any CPU.Build.0 = Debug|Any CPU
		{71D60770-A230-4573-886F-D6A4796CE989}.Release|Any CPU.ActiveCfg = Release|Any CPU
		{71D60770-A230-4573-886F-D6A4796CE989}.Release|Any CPU.Build.0 = Release|Any CPU
	EndGlobalSection
	GlobalSection(SolutionProperties) = preSolution
		HideSolutionNode = FALSE
	EndGlobalSection
	GlobalSection(ExtensibilityGlobals) = postSolution
		SolutionGuid = {38D9E989-C194-4C60-B0C1-CABBF91747E3}
	EndGlobalSection
EndGlobal
